// !$*UTF8*$!
{
	archiveVersion = 1;
	classes = {
	};
	objectVersion = 46;
	objects = {

/* Begin PBXBuildFile section */
		9713D76519E1BF3A00BC4E4F /* SAP.gpx in Resources */ = {isa = PBXBuildFile; fileRef = 9713D76419E1BF3A00BC4E4F /* SAP.gpx */; };
		977DC9CE19DEEBD600037B80 /* AppDelegate.swift in Sources */ = {isa = PBXBuildFile; fileRef = 977DC9CD19DEEBD600037B80 /* AppDelegate.swift */; };
		977DC9D019DEEBD600037B80 /* ViewController.swift in Sources */ = {isa = PBXBuildFile; fileRef = 977DC9CF19DEEBD600037B80 /* ViewController.swift */; };
		977DC9D319DEEBD600037B80 /* Main.storyboard in Resources */ = {isa = PBXBuildFile; fileRef = 977DC9D119DEEBD600037B80 /* Main.storyboard */; };
		977DC9D519DEEBD600037B80 /* Images.xcassets in Resources */ = {isa = PBXBuildFile; fileRef = 977DC9D419DEEBD600037B80 /* Images.xcassets */; };
		977DC9D819DEEBD600037B80 /* LaunchScreen.xib in Resources */ = {isa = PBXBuildFile; fileRef = 977DC9D619DEEBD600037B80 /* LaunchScreen.xib */; };
		977DC9E419DEEBD600037B80 /* StormyTests.swift in Sources */ = {isa = PBXBuildFile; fileRef = 977DC9E319DEEBD600037B80 /* StormyTests.swift */; };
		97998F0119DF4044004A2B9B /* Current.swift in Sources */ = {isa = PBXBuildFile; fileRef = 97998F0019DF4044004A2B9B /* Current.swift */; };
/* End PBXBuildFile section */

/* Begin PBXContainerItemProxy section */
		977DC9DE19DEEBD600037B80 /* PBXContainerItemProxy */ = {
			isa = PBXContainerItemProxy;
			containerPortal = 977DC9C019DEEBD600037B80 /* Project object */;
			proxyType = 1;
			remoteGlobalIDString = 977DC9C719DEEBD600037B80;
			remoteInfo = Stormy;
		};
/* End PBXContainerItemProxy section */

/* Begin PBXFileReference section */
		9713D76419E1BF3A00BC4E4F /* SAP.gpx */ = {isa = PBXFileReference; fileEncoding = 4; lastKnownFileType = text.xml; name = SAP.gpx; path = ../SAP.gpx; sourceTree = "<group>"; };
		977DC9C819DEEBD600037B80 /* Stormy.app */ = {isa = PBXFileReference; explicitFileType = wrapper.application; includeInIndex = 0; path = Stormy.app; sourceTree = BUILT_PRODUCTS_DIR; };
		977DC9CC19DEEBD600037B80 /* Info.plist */ = {isa = PBXFileReference; lastKnownFileType = text.plist.xml; path = Info.plist; sourceTree = "<group>"; };
		977DC9CD19DEEBD600037B80 /* AppDelegate.swift */ = {isa = PBXFileReference; lastKnownFileType = sourcecode.swift; path = AppDelegate.swift; sourceTree = "<group>"; };
		977DC9CF19DEEBD600037B80 /* ViewController.swift */ = {isa = PBXFileReference; lastKnownFileType = sourcecode.swift; path = ViewController.swift; sourceTree = "<group>"; };
		977DC9D219DEEBD600037B80 /* Base */ = {isa = PBXFileReference; lastKnownFileType = file.storyboard; name = Base; path = Base.lproj/Main.storyboard; sourceTree = "<group>"; };
		977DC9D419DEEBD600037B80 /* Images.xcassets */ = {isa = PBXFileReference; lastKnownFileType = folder.assetcatalog; path = Images.xcassets; sourceTree = "<group>"; };
		977DC9D719DEEBD600037B80 /* Base */ = {isa = PBXFileReference; lastKnownFileType = file.xib; name = Base; path = Base.lproj/LaunchScreen.xib; sourceTree = "<group>"; };
		977DC9DD19DEEBD600037B80 /* StormyTests.xctest */ = {isa = PBXFileReference; explicitFileType = wrapper.cfbundle; includeInIndex = 0; path = StormyTests.xctest; sourceTree = BUILT_PRODUCTS_DIR; };
		977DC9E219DEEBD600037B80 /* Info.plist */ = {isa = PBXFileReference; lastKnownFileType = text.plist.xml; path = Info.plist; sourceTree = "<group>"; };
		977DC9E319DEEBD600037B80 /* StormyTests.swift */ = {isa = PBXFileReference; lastKnownFileType = sourcecode.swift; path = StormyTests.swift; sourceTree = "<group>"; };
		977DC9ED19DF062500037B80 /* MyPlayground.playground */ = {isa = PBXFileReference; lastKnownFileType = file.playground; path = MyPlayground.playground; sourceTree = "<group>"; };
		97998F0019DF4044004A2B9B /* Current.swift */ = {isa = PBXFileReference; fileEncoding = 4; lastKnownFileType = sourcecode.swift; path = Current.swift; sourceTree = "<group>"; };
/* End PBXFileReference section */

/* Begin PBXFrameworksBuildPhase section */
		977DC9C519DEEBD600037B80 /* Frameworks */ = {
			isa = PBXFrameworksBuildPhase;
			buildActionMask = 2147483647;
			files = (
			);
			runOnlyForDeploymentPostprocessing = 0;
		};
		977DC9DA19DEEBD600037B80 /* Frameworks */ = {
			isa = PBXFrameworksBuildPhase;
			buildActionMask = 2147483647;
			files = (
			);
			runOnlyForDeploymentPostprocessing = 0;
		};
/* End PBXFrameworksBuildPhase section */

/* Begin PBXGroup section */
		977DC9BF19DEEBD600037B80 = {
			isa = PBXGroup;
			children = (
				977DC9EE19DF063E00037B80 /* Playgrounds */,
				977DC9CA19DEEBD600037B80 /* Stormy */,
				977DC9E019DEEBD600037B80 /* StormyTests */,
				977DC9C919DEEBD600037B80 /* Products */,
			);
			sourceTree = "<group>";
		};
		977DC9C919DEEBD600037B80 /* Products */ = {
			isa = PBXGroup;
			children = (
				977DC9C819DEEBD600037B80 /* Stormy.app */,
				977DC9DD19DEEBD600037B80 /* StormyTests.xctest */,
			);
			name = Products;
			sourceTree = "<group>";
		};
		977DC9CA19DEEBD600037B80 /* Stormy */ = {
			isa = PBXGroup;
			children = (
				9713D76419E1BF3A00BC4E4F /* SAP.gpx */,
				977DC9CD19DEEBD600037B80 /* AppDelegate.swift */,
				97998F0019DF4044004A2B9B /* Current.swift */,
				977DC9CF19DEEBD600037B80 /* ViewController.swift */,
				977DC9D119DEEBD600037B80 /* Main.storyboard */,
				977DC9D419DEEBD600037B80 /* Images.xcassets */,
				977DC9D619DEEBD600037B80 /* LaunchScreen.xib */,
				977DC9CB19DEEBD600037B80 /* Supporting Files */,
			);
			path = Stormy;
			sourceTree = "<group>";
		};
		977DC9CB19DEEBD600037B80 /* Supporting Files */ = {
			isa = PBXGroup;
			children = (
				977DC9CC19DEEBD600037B80 /* Info.plist */,
			);
			name = "Supporting Files";
			sourceTree = "<group>";
		};
		977DC9E019DEEBD600037B80 /* StormyTests */ = {
			isa = PBXGroup;
			children = (
				977DC9E319DEEBD600037B80 /* StormyTests.swift */,
				977DC9E119DEEBD600037B80 /* Supporting Files */,
			);
			path = StormyTests;
			sourceTree = "<group>";
		};
		977DC9E119DEEBD600037B80 /* Supporting Files */ = {
			isa = PBXGroup;
			children = (
				977DC9E219DEEBD600037B80 /* Info.plist */,
			);
			name = "Supporting Files";
			sourceTree = "<group>";
		};
		977DC9EE19DF063E00037B80 /* Playgrounds */ = {
			isa = PBXGroup;
			children = (
				977DC9ED19DF062500037B80 /* MyPlayground.playground */,
			);
			name = Playgrounds;
			sourceTree = "<group>";
		};
/* End PBXGroup section */

/* Begin PBXNativeTarget section */
		977DC9C719DEEBD600037B80 /* Stormy */ = {
			isa = PBXNativeTarget;
			buildConfigurationList = 977DC9E719DEEBD600037B80 /* Build configuration list for PBXNativeTarget "Stormy" */;
			buildPhases = (
				977DC9C419DEEBD600037B80 /* Sources */,
				977DC9C519DEEBD600037B80 /* Frameworks */,
				977DC9C619DEEBD600037B80 /* Resources */,
			);
			buildRules = (
			);
			dependencies = (
			);
			name = Stormy;
			productName = Stormy;
			productReference = 977DC9C819DEEBD600037B80 /* Stormy.app */;
			productType = "com.apple.product-type.application";
		};
		977DC9DC19DEEBD600037B80 /* StormyTests */ = {
			isa = PBXNativeTarget;
			buildConfigurationList = 977DC9EA19DEEBD600037B80 /* Build configuration list for PBXNativeTarget "StormyTests" */;
			buildPhases = (
				977DC9D919DEEBD600037B80 /* Sources */,
				977DC9DA19DEEBD600037B80 /* Frameworks */,
				977DC9DB19DEEBD600037B80 /* Resources */,
			);
			buildRules = (
			);
			dependencies = (
				977DC9DF19DEEBD600037B80 /* PBXTargetDependency */,
			);
			name = StormyTests;
			productName = StormyTests;
			productReference = 977DC9DD19DEEBD600037B80 /* StormyTests.xctest */;
			productType = "com.apple.product-type.bundle.unit-test";
		};
/* End PBXNativeTarget section */

/* Begin PBXProject section */
		977DC9C019DEEBD600037B80 /* Project object */ = {
			isa = PBXProject;
			attributes = {
				LastUpgradeCheck = 0610;
				ORGANIZATIONNAME = "Luis Matute";
				TargetAttributes = {
					977DC9C719DEEBD600037B80 = {
						CreatedOnToolsVersion = 6.1;
					};
					977DC9DC19DEEBD600037B80 = {
						CreatedOnToolsVersion = 6.1;
						TestTargetID = 977DC9C719DEEBD600037B80;
					};
				};
			};
			buildConfigurationList = 977DC9C319DEEBD600037B80 /* Build configuration list for PBXProject "Stormy" */;
			compatibilityVersion = "Xcode 3.2";
			developmentRegion = English;
			hasScannedForEncodings = 0;
			knownRegions = (
				en,
				Base,
			);
			mainGroup = 977DC9BF19DEEBD600037B80;
			productRefGroup = 977DC9C919DEEBD600037B80 /* Products */;
			projectDirPath = "";
			projectRoot = "";
			targets = (
				977DC9C719DEEBD600037B80 /* Stormy */,
				977DC9DC19DEEBD600037B80 /* StormyTests */,
			);
		};
/* End PBXProject section */

/* Begin PBXResourcesBuildPhase section */
		977DC9C619DEEBD600037B80 /* Resources */ = {
			isa = PBXResourcesBuildPhase;
			buildActionMask = 2147483647;
			files = (
				9713D76519E1BF3A00BC4E4F /* SAP.gpx in Resources */,
				977DC9D319DEEBD600037B80 /* Main.storyboard in Resources */,
				977DC9D819DEEBD600037B80 /* LaunchScreen.xib in Resources */,
				977DC9D519DEEBD600037B80 /* Images.xcassets in Resources */,
			);
			runOnlyForDeploymentPostprocessing = 0;
		};
		977DC9DB19DEEBD600037B80 /* Resources */ = {
			isa = PBXResourcesBuildPhase;
			buildActionMask = 2147483647;
			files = (
			);
			runOnlyForDeploymentPostprocessing = 0;
		};
/* End PBXResourcesBuildPhase section */

/* Begin PBXSourcesBuildPhase section */
		977DC9C419DEEBD600037B80 /* Sources */ = {
			isa = PBXSourcesBuildPhase;
			buildActionMask = 2147483647;
			files = (
				97998F0119DF4044004A2B9B /* Current.swift in Sources */,
				977DC9D019DEEBD600037B80 /* ViewController.swift in Sources */,
				977DC9CE19DEEBD600037B80 /* AppDelegate.swift in Sources */,
			);
			runOnlyForDeploymentPostprocessing = 0;
		};
		977DC9D919DEEBD600037B80 /* Sources */ = {
			isa = PBXSourcesBuildPhase;
			buildActionMask = 2147483647;
			files = (
				977DC9E419DEEBD600037B80 /* StormyTests.swift in Sources */,
			);
			runOnlyForDeploymentPostprocessing = 0;
		};
/* End PBXSourcesBuildPhase section */

/* Begin PBXTargetDependency section */
		977DC9DF19DEEBD600037B80 /* PBXTargetDependency */ = {
			isa = PBXTargetDependency;
			target = 977DC9C719DEEBD600037B80 /* Stormy */;
			targetProxy = 977DC9DE19DEEBD600037B80 /* PBXContainerItemProxy */;
		};
/* End PBXTargetDependency section */

/* Begin PBXVariantGroup section */
		977DC9D119DEEBD600037B80 /* Main.storyboard */ = {
			isa = PBXVariantGroup;
			children = (
				977DC9D219DEEBD600037B80 /* Base */,
			);
			name = Main.storyboard;
			sourceTree = "<group>";
		};
		977DC9D619DEEBD600037B80 /* LaunchScreen.xib */ = {
			isa = PBXVariantGroup;
			children = (
				977DC9D719DEEBD600037B80 /* Base */,
			);
			name = LaunchScreen.xib;
			sourceTree = "<group>";
		};
/* End PBXVariantGroup section */

/* Begin XCBuildConfiguration section */
		977DC9E519DEEBD600037B80 /* Debug */ = {
			isa = XCBuildConfiguration;
			buildSettings = {
				ALWAYS_SEARCH_USER_PATHS = NO;
				CLANG_CXX_LANGUAGE_STANDARD = "gnu++0x";
				CLANG_CXX_LIBRARY = "libc++";
				CLANG_ENABLE_MODULES = YES;
				CLANG_ENABLE_OBJC_ARC = YES;
				CLANG_WARN_BOOL_CONVERSION = YES;
				CLANG_WARN_CONSTANT_CONVERSION = YES;
				CLANG_WARN_DIRECT_OBJC_ISA_USAGE = YES_ERROR;
				CLANG_WARN_EMPTY_BODY = YES;
				CLANG_WARN_ENUM_CONVERSION = YES;
				CLANG_WARN_INT_CONVERSION = YES;
				CLANG_WARN_OBJC_ROOT_CLASS = YES_ERROR;
				CLANG_WARN_UNREACHABLE_CODE = YES;
				CLANG_WARN__DUPLICATE_METHOD_MATCH = YES;
				"CODE_SIGN_IDENTITY[sdk=iphoneos*]" = "iPhone Developer";
				COPY_PHASE_STRIP = NO;
				ENABLE_STRICT_OBJC_MSGSEND = YES;
				GCC_C_LANGUAGE_STANDARD = gnu99;
				GCC_DYNAMIC_NO_PIC = NO;
				GCC_OPTIMIZATION_LEVEL = 0;
				GCC_PREPROCESSOR_DEFINITIONS = (
					"DEBUG=1",
					"$(inherited)",
				);
				GCC_SYMBOLS_PRIVATE_EXTERN = NO;
				GCC_WARN_64_TO_32_BIT_CONVERSION = YES;
				GCC_WARN_ABOUT_RETURN_TYPE = YES_ERROR;
				GCC_WARN_UNDECLARED_SELECTOR = YES;
				GCC_WARN_UNINITIALIZED_AUTOS = YES_AGGRESSIVE;
				GCC_WARN_UNUSED_FUNCTION = YES;
				GCC_WARN_UNUSED_VARIABLE = YES;
				IPHONEOS_DEPLOYMENT_TARGET = 8.0;
				MTL_ENABLE_DEBUG_INFO = YES;
				ONLY_ACTIVE_ARCH = YES;
				SDKROOT = iphoneos;
				SWIFT_OPTIMIZATION_LEVEL = "-Onone";
			};
			name = Debug;
		};
		977DC9E619DEEBD600037B80 /* Release */ = {
			isa = XCBuildConfiguration;
			buildSettings = {
				ALWAYS_SEARCH_USER_PATHS = NO;
				CLANG_CXX_LANGUAGE_STANDARD = "gnu++0x";
				CLANG_CXX_LIBRARY = "libc++";
				CLANG_ENABLE_MODULES = YES;
				CLANG_ENABLE_OBJC_ARC = YES;
				CLANG_WARN_BOOL_CONVERSION = YES;
				CLANG_WARN_CONSTANT_CONVERSION = YES;
				CLANG_WARN_DIRECT_OBJC_ISA_USAGE = YES_ERROR;
				CLANG_WARN_EMPTY_BODY = YES;
				CLANG_WARN_ENUM_CONVERSION = YES;
				CLANG_WARN_INT_CONVERSION = YES;
				CLANG_WARN_OBJC_ROOT_CLASS = YES_ERROR;
				CLANG_WARN_UNREACHABLE_CODE = YES;
				CLANG_WARN__DUPLICATE_METHOD_MATCH = YES;
				"CODE_SIGN_IDENTITY[sdk=iphoneos*]" = "iPhone Developer";
				COPY_PHASE_STRIP = YES;
				ENABLE_NS_ASSERTIONS = NO;
				ENABLE_STRICT_OBJC_MSGSEND = YES;
				GCC_C_LANGUAGE_STANDARD = gnu99;
				GCC_WARN_64_TO_32_BIT_CONVERSION = YES;
				GCC_WARN_ABOUT_RETURN_TYPE = YES_ERROR;
				GCC_WARN_UNDECLARED_SELECTOR = YES;
				GCC_WARN_UNINITIALIZED_AUTOS = YES_AGGRESSIVE;
				GCC_WARN_UNUSED_FUNCTION = YES;
				GCC_WARN_UNUSED_VARIABLE = YES;
				IPHONEOS_DEPLOYMENT_TARGET = 8.0;
				MTL_ENABLE_DEBUG_INFO = NO;
				SDKROOT = iphoneos;
				VALIDATE_PRODUCT = YES;
			};
			name = Release;
		};
		977DC9E819DEEBD600037B80 /* Debug */ = {
			isa = XCBuildConfiguration;
			buildSettings = {
				ASSETCATALOG_COMPILER_APPICON_NAME = AppIcon;
				INFOPLIST_FILE = Stormy/Info.plist;
				LD_RUNPATH_SEARCH_PATHS = "$(inherited) @executable_path/Frameworks";
				PRODUCT_NAME = "$(TARGET_NAME)";
			};
			name = Debug;
		};
		977DC9E919DEEBD600037B80 /* Release */ = {
			isa = XCBuildConfiguration;
			buildSettings = {
				ASSETCATALOG_COMPILER_APPICON_NAME = AppIcon;
				INFOPLIST_FILE = Stormy/Info.plist;
				LD_RUNPATH_SEARCH_PATHS = "$(inherited) @executable_path/Frameworks";
				PRODUCT_NAME = "$(TARGET_NAME)";
			};
			name = Release;
		};
		977DC9EB19DEEBD600037B80 /* Debug */ = {
			isa = XCBuildConfiguration;
			buildSettings = {
				BUNDLE_LOADER = "$(TEST_HOST)";
				FRAMEWORK_SEARCH_PATHS = (
					"$(SDKROOT)/Developer/Library/Frameworks",
					"$(inherited)",
				);
				GCC_PREPROCESSOR_DEFINITIONS = (
					"DEBUG=1",
					"$(inherited)",
				);
				INFOPLIST_FILE = StormyTests/Info.plist;
				LD_RUNPATH_SEARCH_PATHS = "$(inherited) @executable_path/Frameworks @loader_path/Frameworks";
				PRODUCT_NAME = "$(TARGET_NAME)";
				TEST_HOST = "$(BUILT_PRODUCTS_DIR)/Stormy.app/Stormy";
			};
			name = Debug;
		};
		977DC9EC19DEEBD600037B80 /* Release */ = {
			isa = XCBuildConfiguration;
			buildSettings = {
				BUNDLE_LOADER = "$(TEST_HOST)";
				FRAMEWORK_SEARCH_PATHS = (
					"$(SDKROOT)/Developer/Library/Frameworks",
					"$(inherited)",
				);
				INFOPLIST_FILE = StormyTests/Info.plist;
				LD_RUNPATH_SEARCH_PATHS = "$(inherited) @executable_path/Frameworks @loader_path/Frameworks";
				PRODUCT_NAME = "$(TARGET_NAME)";
				TEST_HOST = "$(BUILT_PRODUCTS_DIR)/Stormy.app/Stormy";
			};
			name = Release;
		};
/* End XCBuildConfiguration section */

/* Begin XCConfigurationList section */
		977DC9C319DEEBD600037B80 /* Build configuration list for PBXProject "Stormy" */ = {
			isa = XCConfigurationList;
			buildConfigurations = (
				977DC9E519DEEBD600037B80 /* Debug */,
				977DC9E619DEEBD600037B80 /* Release */,
			);
			defaultConfigurationIsVisible = 0;
			defaultConfigurationName = Release;
		};
		977DC9E719DEEBD600037B80 /* Build configuration list for PBXNativeTarget "Stormy" */ = {
			isa = XCConfigurationList;
			buildConfigurations = (
				977DC9E819DEEBD600037B80 /* Debug */,
				977DC9E919DEEBD600037B80 /* Release */,
			);
			defaultConfigurationIsVisible = 0;
			defaultConfigurationName = Release;
		};
		977DC9EA19DEEBD600037B80 /* Build configuration list for PBXNativeTarget "StormyTests" */ = {
			isa = XCConfigurationList;
			buildConfigurations = (
				977DC9EB19DEEBD600037B80 /* Debug */,
				977DC9EC19DEEBD600037B80 /* Release */,
			);
			defaultConfigurationIsVisible = 0;
			defaultConfigurationName = Release;
		};
/* End XCConfigurationList section */
	};
	rootObject = 977DC9C019DEEBD600037B80 /* Project object */;
}
